
Microsoft Visual Studio Solution File, Format Version 12.00
# Visual Studio Version 16
VisualStudioVersion = 16.0.30011.22
MinimumVisualStudioVersion = 10.0.40219.1
Project("{9A19103F-16F7-4668-BE54-9A1E7A4F7556}") = "salary.data", "salary.data\salary.data.csproj", "{93B93CF8-8F91-45FE-B1E0-1554DE4B5C40}"
EndProject
Project("{9A19103F-16F7-4668-BE54-9A1E7A4F7556}") = "salary.Service", "salary.service\salary.Service.csproj", "{4CC2A8C9-486D-43B6-B4A8-EA5BEB984A6D}"
EndProject
Project("{9A19103F-16F7-4668-BE54-9A1E7A4F7556}") = "Salary_NUnitTest", "salary.tests\Salary_NUnitTest.csproj", "{852AD9B3-FA5E-43A4-AD9B-F3C0B7D843A2}"
EndProject
Global
	GlobalSection(SolutionConfigurationPlatforms) = preSolution
		Debug|Any CPU = Debug|Any CPU
		Release|Any CPU = Release|Any CPU
	EndGlobalSection
	GlobalSection(ProjectConfigurationPlatforms) = postSolution
		{93B93CF8-8F91-45FE-B1E0-1554DE4B5C40}.Debug|Any CPU.ActiveCfg = Debug|Any CPU
		{93B93CF8-8F91-45FE-B1E0-1554DE4B5C40}.Debug|Any CPU.Build.0 = Debug|Any CPU
		{93B93CF8-8F91-45FE-B1E0-1554DE4B5C40}.Release|Any CPU.ActiveCfg = Release|Any CPU
		{93B93CF8-8F91-45FE-B1E0-1554DE4B5C40}.Release|Any CPU.Build.0 = Release|Any CPU
		{4CC2A8C9-486D-43B6-B4A8-EA5BEB984A6D}.Debug|Any CPU.ActiveCfg = Debug|Any CPU
		{4CC2A8C9-486D-43B6-B4A8-EA5BEB984A6D}.Debug|Any CPU.Build.0 = Debug|Any CPU
		{4CC2A8C9-486D-43B6-B4A8-EA5BEB984A6D}.Release|Any CPU.ActiveCfg = Release|Any CPU
		{4CC2A8C9-486D-43B6-B4A8-EA5BEB984A6D}.Release|Any CPU.Build.0 = Release|Any CPU
		{852AD9B3-FA5E-43A4-AD9B-F3C0B7D843A2}.Debug|Any CPU.ActiveCfg = Debug|Any CPU
		{852AD9B3-FA5E-43A4-AD9B-F3C0B7D843A2}.Debug|Any CPU.Build.0 = Debug|Any CPU
		{852AD9B3-FA5E-43A4-AD9B-F3C0B7D843A2}.Release|Any CPU.ActiveCfg = Release|Any CPU
		{852AD9B3-FA5E-43A4-AD9B-F3C0B7D843A2}.Release|Any CPU.Build.0 = Release|Any CPU
	EndGlobalSection
	GlobalSection(SolutionProperties) = preSolution
		HideSolutionNode = FALSE
	EndGlobalSection
	GlobalSection(ExtensibilityGlobals) = postSolution
		SolutionGuid = {2FF3F72D-79FB-40CA-9E71-48F566DD5AD9}
	EndGlobalSection
EndGlobal
